
Microsoft Visual Studio Solution File, Format Version 12.00
Project("{FAE04EC0-301F-11D3-BF4B-00C04F79EFBC}") = "QOL bundle", "QOL bundle\QOL bundle.csproj", "{14047B80-78BA-41D8-A8E6-A3DC6BDD23F7}"
EndProject
Global
	GlobalSection(SolutionConfigurationPlatforms) = preSolution
		Debug|Any CPU = Debug|Any CPU
		Release|Any CPU = Release|Any CPU
	EndGlobalSection
	GlobalSection(ProjectConfigurationPlatforms) = postSolution
		{14047B80-78BA-41D8-A8E6-A3DC6BDD23F7}.Debug|Any CPU.ActiveCfg = Debug|Any CPU
		{14047B80-78BA-41D8-A8E6-A3DC6BDD23F7}.Debug|Any CPU.Build.0 = Debug|Any CPU
		{14047B80-78BA-41D8-A8E6-A3DC6BDD23F7}.Release|Any CPU.ActiveCfg = Release|Any CPU
		{14047B80-78BA-41D8-A8E6-A3DC6BDD23F7}.Release|Any CPU.Build.0 = Release|Any CPU
	EndGlobalSection
EndGlobal
